
Microsoft Visual Studio Solution File, Format Version 12.00
# Visual Studio 2012
Project("{FAE04EC0-301F-11D3-BF4B-00C04F79EFBC}") = "EtiquetasMaster", "EtiquetasMaster\EtiquetasMaster.csproj", "{9903E75C-76DB-42DF-849C-FD57F4396CA3}"
EndProject
Project("{6141683F-8A12-4E36-9623-2EB02B2C2303}") = "Setup", "Setup\Setup.isproj", "{8B3F65AB-7994-4B55-AA27-2F047CE66C11}"
EndProject
Global
	GlobalSection(SolutionConfigurationPlatforms) = preSolution
		CD_ROM|Any CPU = CD_ROM|Any CPU
		Debug|Any CPU = Debug|Any CPU
		DVD-5|Any CPU = DVD-5|Any CPU
		Release|Any CPU = Release|Any CPU
		SingleImage|Any CPU = SingleImage|Any CPU
	EndGlobalSection
	GlobalSection(ProjectConfigurationPlatforms) = postSolution
		{9903E75C-76DB-42DF-849C-FD57F4396CA3}.CD_ROM|Any CPU.ActiveCfg = Release|Any CPU
		{9903E75C-76DB-42DF-849C-FD57F4396CA3}.CD_ROM|Any CPU.Build.0 = Release|Any CPU
		{9903E75C-76DB-42DF-849C-FD57F4396CA3}.Debug|Any CPU.ActiveCfg = Debug|Any CPU
		{9903E75C-76DB-42DF-849C-FD57F4396CA3}.Debug|Any CPU.Build.0 = Debug|Any CPU
		{9903E75C-76DB-42DF-849C-FD57F4396CA3}.DVD-5|Any CPU.ActiveCfg = Debug|Any CPU
		{9903E75C-76DB-42DF-849C-FD57F4396CA3}.DVD-5|Any CPU.Build.0 = Debug|Any CPU
		{9903E75C-76DB-42DF-849C-FD57F4396CA3}.Release|Any CPU.ActiveCfg = Release|Any CPU
		{9903E75C-76DB-42DF-849C-FD57F4396CA3}.Release|Any CPU.Build.0 = Release|Any CPU
		{9903E75C-76DB-42DF-849C-FD57F4396CA3}.SingleImage|Any CPU.ActiveCfg = Release|Any CPU
		{9903E75C-76DB-42DF-849C-FD57F4396CA3}.SingleImage|Any CPU.Build.0 = Release|Any CPU
		{8B3F65AB-7994-4B55-AA27-2F047CE66C11}.CD_ROM|Any CPU.ActiveCfg = CD_ROM
		{8B3F65AB-7994-4B55-AA27-2F047CE66C11}.CD_ROM|Any CPU.Build.0 = CD_ROM
		{8B3F65AB-7994-4B55-AA27-2F047CE66C11}.Debug|Any CPU.ActiveCfg = DVD-5
		{8B3F65AB-7994-4B55-AA27-2F047CE66C11}.Debug|Any CPU.Build.0 = DVD-5
		{8B3F65AB-7994-4B55-AA27-2F047CE66C11}.DVD-5|Any CPU.ActiveCfg = DVD-5
		{8B3F65AB-7994-4B55-AA27-2F047CE66C11}.DVD-5|Any CPU.Build.0 = DVD-5
		{8B3F65AB-7994-4B55-AA27-2F047CE66C11}.Release|Any CPU.ActiveCfg = SingleImage
		{8B3F65AB-7994-4B55-AA27-2F047CE66C11}.Release|Any CPU.Build.0 = SingleImage
		{8B3F65AB-7994-4B55-AA27-2F047CE66C11}.SingleImage|Any CPU.ActiveCfg = SingleImage
		{8B3F65AB-7994-4B55-AA27-2F047CE66C11}.SingleImage|Any CPU.Build.0 = SingleImage
	EndGlobalSection
	GlobalSection(SolutionProperties) = preSolution
		HideSolutionNode = FALSE
	EndGlobalSection
EndGlobal
